// !$*UTF8*$!
{
	archiveVersion = 1;
	classes = {
	};
	objectVersion = 50;
	objects = {

/* Begin PBXBuildFile section */
		8435A4AD261B54210078165D /* AppDelegate.swift in Sources */ = {isa = PBXBuildFile; fileRef = 8435A4AC261B54210078165D /* AppDelegate.swift */; };
		8435A4AF261B54210078165D /* SceneDelegate.swift in Sources */ = {isa = PBXBuildFile; fileRef = 8435A4AE261B54210078165D /* SceneDelegate.swift */; };
		8435A4B1261B54210078165D /* MainViewController.swift in Sources */ = {isa = PBXBuildFile; fileRef = 8435A4B0261B54210078165D /* MainViewController.swift */; };
		8435A4B6261B54230078165D /* Assets.xcassets in Resources */ = {isa = PBXBuildFile; fileRef = 8435A4B5261B54230078165D /* Assets.xcassets */; };
		8435A4B9261B54230078165D /* LaunchScreen.storyboard in Resources */ = {isa = PBXBuildFile; fileRef = 8435A4B7261B54230078165D /* LaunchScreen.storyboard */; };
		8435A4C2261B54C50078165D /* .gitignore in Resources */ = {isa = PBXBuildFile; fileRef = 8435A4C1261B54C40078165D /* .gitignore */; };
		84E9380B261CD62A0050FD28 /* Main.storyboard in Resources */ = {isa = PBXBuildFile; fileRef = 84E9380A261CD62A0050FD28 /* Main.storyboard */; };
/* End PBXBuildFile section */

/* Begin PBXFileReference section */
		8435A4A9261B54210078165D /* TestTaskRCAI.app */ = {isa = PBXFileReference; explicitFileType = wrapper.application; includeInIndex = 0; path = TestTaskRCAI.app; sourceTree = BUILT_PRODUCTS_DIR; };
		8435A4AC261B54210078165D /* AppDelegate.swift */ = {isa = PBXFileReference; lastKnownFileType = sourcecode.swift; path = AppDelegate.swift; sourceTree = "<group>"; };
		8435A4AE261B54210078165D /* SceneDelegate.swift */ = {isa = PBXFileReference; lastKnownFileType = sourcecode.swift; path = SceneDelegate.swift; sourceTree = "<group>"; };
		8435A4B0261B54210078165D /* MainViewController.swift */ = {isa = PBXFileReference; lastKnownFileType = sourcecode.swift; path = MainViewController.swift; sourceTree = "<group>"; };
		8435A4B5261B54230078165D /* Assets.xcassets */ = {isa = PBXFileReference; lastKnownFileType = folder.assetcatalog; path = Assets.xcassets; sourceTree = "<group>"; };
		8435A4B8261B54230078165D /* Base */ = {isa = PBXFileReference; lastKnownFileType = file.storyboard; name = Base; path = Base.lproj/LaunchScreen.storyboard; sourceTree = "<group>"; };
		8435A4BA261B54230078165D /* Info.plist */ = {isa = PBXFileReference; lastKnownFileType = text.plist.xml; path = Info.plist; sourceTree = "<group>"; };
		8435A4C1261B54C40078165D /* .gitignore */ = {isa = PBXFileReference; lastKnownFileType = text; path = .gitignore; sourceTree = "<group>"; };
		84E9380A261CD62A0050FD28 /* Main.storyboard */ = {isa = PBXFileReference; fileEncoding = 4; lastKnownFileType = file.storyboard; path = Main.storyboard; sourceTree = "<group>"; };
/* End PBXFileReference section */

/* Begin PBXFrameworksBuildPhase section */
		8435A4A6261B54210078165D /* Frameworks */ = {
			isa = PBXFrameworksBuildPhase;
			buildActionMask = 2147483647;
			files = (
			);
			runOnlyForDeploymentPostprocessing = 0;
		};
/* End PBXFrameworksBuildPhase section */

/* Begin PBXGroup section */
		8435A4A0261B54210078165D = {
			isa = PBXGroup;
			children = (
				8435A4C1261B54C40078165D /* .gitignore */,
				8435A4AB261B54210078165D /* TestTaskRCAI */,
				8435A4AA261B54210078165D /* Products */,
			);
			sourceTree = "<group>";
		};
		8435A4AA261B54210078165D /* Products */ = {
			isa = PBXGroup;
			children = (
				8435A4A9261B54210078165D /* TestTaskRCAI.app */,
			);
			name = Products;
			sourceTree = "<group>";
		};
		8435A4AB261B54210078165D /* TestTaskRCAI */ = {
			isa = PBXGroup;
			children = (
				8435A4CC261B57E90078165D /* MainViewController */,
				8435A4C5261B56D80078165D /* Application */,
				8435A4C8261B574B0078165D /* Resource */,
			);
			path = TestTaskRCAI;
			sourceTree = "<group>";
		};
		8435A4C5261B56D80078165D /* Application */ = {
			isa = PBXGroup;
			children = (
				8435A4C7261B56FA0078165D /* View */,
				8435A4C6261B56ED0078165D /* Controller */,
			);
			path = Application;
			sourceTree = "<group>";
		};
		8435A4C6261B56ED0078165D /* Controller */ = {
			isa = PBXGroup;
			children = (
				8435A4AC261B54210078165D /* AppDelegate.swift */,
				8435A4AE261B54210078165D /* SceneDelegate.swift */,
			);
			path = Controller;
			sourceTree = "<group>";
		};
		8435A4C7261B56FA0078165D /* View */ = {
			isa = PBXGroup;
			children = (
				84E9380A261CD62A0050FD28 /* Main.storyboard */,
				8435A4B7261B54230078165D /* LaunchScreen.storyboard */,
			);
			path = View;
			sourceTree = "<group>";
		};
		8435A4C8261B574B0078165D /* Resource */ = {
			isa = PBXGroup;
			children = (
				8435A4BA261B54230078165D /* Info.plist */,
				8435A4B5261B54230078165D /* Assets.xcassets */,
			);
			path = Resource;
			sourceTree = "<group>";
		};
		8435A4CC261B57E90078165D /* MainViewController */ = {
			isa = PBXGroup;
			children = (
				8435A4CD261B57FA0078165D /* Controller */,
			);
			path = MainViewController;
			sourceTree = "<group>";
		};
		8435A4CD261B57FA0078165D /* Controller */ = {
			isa = PBXGroup;
			children = (
				8435A4B0261B54210078165D /* MainViewController.swift */,
			);
			path = Controller;
			sourceTree = "<group>";
		};
/* End PBXGroup section */

/* Begin PBXNativeTarget section */
		8435A4A8261B54210078165D /* TestTaskRCAI */ = {
			isa = PBXNativeTarget;
			buildConfigurationList = 8435A4BD261B54230078165D /* Build configuration list for PBXNativeTarget "TestTaskRCAI" */;
			buildPhases = (
				8435A4A5261B54210078165D /* Sources */,
				8435A4A6261B54210078165D /* Frameworks */,
				8435A4A7261B54210078165D /* Resources */,
			);
			buildRules = (
			);
			dependencies = (
			);
			name = TestTaskRCAI;
			productName = TestTaskRCAI;
			productReference = 8435A4A9261B54210078165D /* TestTaskRCAI.app */;
			productType = "com.apple.product-type.application";
		};
/* End PBXNativeTarget section */

/* Begin PBXProject section */
		8435A4A1261B54210078165D /* Project object */ = {
			isa = PBXProject;
			attributes = {
				LastSwiftUpdateCheck = 1240;
				LastUpgradeCheck = 1240;
				TargetAttributes = {
					8435A4A8261B54210078165D = {
						CreatedOnToolsVersion = 12.4;
					};
				};
			};
			buildConfigurationList = 8435A4A4261B54210078165D /* Build configuration list for PBXProject "TestTaskRCAI" */;
			compatibilityVersion = "Xcode 9.3";
			developmentRegion = en;
			hasScannedForEncodings = 0;
			knownRegions = (
				en,
				Base,
			);
			mainGroup = 8435A4A0261B54210078165D;
			productRefGroup = 8435A4AA261B54210078165D /* Products */;
			projectDirPath = "";
			projectRoot = "";
			targets = (
				8435A4A8261B54210078165D /* TestTaskRCAI */,
			);
		};
/* End PBXProject section */

/* Begin PBXResourcesBuildPhase section */
		8435A4A7261B54210078165D /* Resources */ = {
			isa = PBXResourcesBuildPhase;
			buildActionMask = 2147483647;
			files = (
				8435A4C2261B54C50078165D /* .gitignore in Resources */,
				8435A4B9261B54230078165D /* LaunchScreen.storyboard in Resources */,
				8435A4B6261B54230078165D /* Assets.xcassets in Resources */,
				84E9380B261CD62A0050FD28 /* Main.storyboard in Resources */,
			);
			runOnlyForDeploymentPostprocessing = 0;
		};
/* End PBXResourcesBuildPhase section */

/* Begin PBXSourcesBuildPhase section */
		8435A4A5261B54210078165D /* Sources */ = {
			isa = PBXSourcesBuildPhase;
			buildActionMask = 2147483647;
			files = (
				8435A4B1261B54210078165D /* MainViewController.swift in Sources */,
				8435A4AD261B54210078165D /* AppDelegate.swift in Sources */,
				8435A4AF261B54210078165D /* SceneDelegate.swift in Sources */,
			);
			runOnlyForDeploymentPostprocessing = 0;
		};
/* End PBXSourcesBuildPhase section */

/* Begin PBXVariantGroup section */
		8435A4B7261B54230078165D /* LaunchScreen.storyboard */ = {
			isa = PBXVariantGroup;
			children = (
				8435A4B8261B54230078165D /* Base */,
			);
			name = LaunchScreen.storyboard;
			sourceTree = "<group>";
		};
/* End PBXVariantGroup section */

/* Begin XCBuildConfiguration section */
		8435A4BB261B54230078165D /* Debug */ = {
			isa = XCBuildConfiguration;
			buildSettings = {
				ALWAYS_SEARCH_USER_PATHS = NO;
				CLANG_ANALYZER_NONNULL = YES;
				CLANG_ANALYZER_NUMBER_OBJECT_CONVERSION = YES_AGGRESSIVE;
				CLANG_CXX_LANGUAGE_STANDARD = "gnu++14";
				CLANG_CXX_LIBRARY = "libc++";
				CLANG_ENABLE_MODULES = YES;
				CLANG_ENABLE_OBJC_ARC = YES;
				CLANG_ENABLE_OBJC_WEAK = YES;
				CLANG_WARN_BLOCK_CAPTURE_AUTORELEASING = YES;
				CLANG_WARN_BOOL_CONVERSION = YES;
				CLANG_WARN_COMMA = YES;
				CLANG_WARN_CONSTANT_CONVERSION = YES;
				CLANG_WARN_DEPRECATED_OBJC_IMPLEMENTATIONS = YES;
				CLANG_WARN_DIRECT_OBJC_ISA_USAGE = YES_ERROR;
				CLANG_WARN_DOCUMENTATION_COMMENTS = YES;
				CLANG_WARN_EMPTY_BODY = YES;
				CLANG_WARN_ENUM_CONVERSION = YES;
				CLANG_WARN_INFINITE_RECURSION = YES;
				CLANG_WARN_INT_CONVERSION = YES;
				CLANG_WARN_NON_LITERAL_NULL_CONVERSION = YES;
				CLANG_WARN_OBJC_IMPLICIT_RETAIN_SELF = YES;
				CLANG_WARN_OBJC_LITERAL_CONVERSION = YES;
				CLANG_WARN_OBJC_ROOT_CLASS = YES_ERROR;
				CLANG_WARN_QUOTED_INCLUDE_IN_FRAMEWORK_HEADER = YES;
				CLANG_WARN_RANGE_LOOP_ANALYSIS = YES;
				CLANG_WARN_STRICT_PROTOTYPES = YES;
				CLANG_WARN_SUSPICIOUS_MOVE = YES;
				CLANG_WARN_UNGUARDED_AVAILABILITY = YES_AGGRESSIVE;
				CLANG_WARN_UNREACHABLE_CODE = YES;
				CLANG_WARN__DUPLICATE_METHOD_MATCH = YES;
				COPY_PHASE_STRIP = NO;
				DEBUG_INFORMATION_FORMAT = dwarf;
				ENABLE_STRICT_OBJC_MSGSEND = YES;
				ENABLE_TESTABILITY = YES;
				GCC_C_LANGUAGE_STANDARD = gnu11;
				GCC_DYNAMIC_NO_PIC = NO;
				GCC_NO_COMMON_BLOCKS = YES;
				GCC_OPTIMIZATION_LEVEL = 0;
				GCC_PREPROCESSOR_DEFINITIONS = (
					"DEBUG=1",
					"$(inherited)",
				);
				GCC_WARN_64_TO_32_BIT_CONVERSION = YES;
				GCC_WARN_ABOUT_RETURN_TYPE = YES_ERROR;
				GCC_WARN_UNDECLARED_SELECTOR = YES;
				GCC_WARN_UNINITIALIZED_AUTOS = YES_AGGRESSIVE;
				GCC_WARN_UNUSED_FUNCTION = YES;
				GCC_WARN_UNUSED_VARIABLE = YES;
				IPHONEOS_DEPLOYMENT_TARGET = 14.4;
				MTL_ENABLE_DEBUG_INFO = INCLUDE_SOURCE;
				MTL_FAST_MATH = YES;
				ONLY_ACTIVE_ARCH = YES;
				SDKROOT = iphoneos;
				SWIFT_ACTIVE_COMPILATION_CONDITIONS = DEBUG;
				SWIFT_OPTIMIZATION_LEVEL = "-Onone";
			};
			name = Debug;
		};
		8435A4BC261B54230078165D /* Release */ = {
			isa = XCBuildConfiguration;
			buildSettings = {
				ALWAYS_SEARCH_USER_PATHS = NO;
				CLANG_ANALYZER_NONNULL = YES;
				CLANG_ANALYZER_NUMBER_OBJECT_CONVERSION = YES_AGGRESSIVE;
				CLANG_CXX_LANGUAGE_STANDARD = "gnu++14";
				CLANG_CXX_LIBRARY = "libc++";
				CLANG_ENABLE_MODULES = YES;
				CLANG_ENABLE_OBJC_ARC = YES;
				CLANG_ENABLE_OBJC_WEAK = YES;
				CLANG_WARN_BLOCK_CAPTURE_AUTORELEASING = YES;
				CLANG_WARN_BOOL_CONVERSION = YES;
				CLANG_WARN_COMMA = YES;
				CLANG_WARN_CONSTANT_CONVERSION = YES;
				CLANG_WARN_DEPRECATED_OBJC_IMPLEMENTATIONS = YES;
				CLANG_WARN_DIRECT_OBJC_ISA_USAGE = YES_ERROR;
				CLANG_WARN_DOCUMENTATION_COMMENTS = YES;
				CLANG_WARN_EMPTY_BODY = YES;
				CLANG_WARN_ENUM_CONVERSION = YES;
				CLANG_WARN_INFINITE_RECURSION = YES;
				CLANG_WARN_INT_CONVERSION = YES;
				CLANG_WARN_NON_LITERAL_NULL_CONVERSION = YES;
				CLANG_WARN_OBJC_IMPLICIT_RETAIN_SELF = YES;
				CLANG_WARN_OBJC_LITERAL_CONVERSION = YES;
				CLANG_WARN_OBJC_ROOT_CLASS = YES_ERROR;
				CLANG_WARN_QUOTED_INCLUDE_IN_FRAMEWORK_HEADER = YES;
				CLANG_WARN_RANGE_LOOP_ANALYSIS = YES;
				CLANG_WARN_STRICT_PROTOTYPES = YES;
				CLANG_WARN_SUSPICIOUS_MOVE = YES;
				CLANG_WARN_UNGUARDED_AVAILABILITY = YES_AGGRESSIVE;
				CLANG_WARN_UNREACHABLE_CODE = YES;
				CLANG_WARN__DUPLICATE_METHOD_MATCH = YES;
				COPY_PHASE_STRIP = NO;
				DEBUG_INFORMATION_FORMAT = "dwarf-with-dsym";
				ENABLE_NS_ASSERTIONS = NO;
				ENABLE_STRICT_OBJC_MSGSEND = YES;
				GCC_C_LANGUAGE_STANDARD = gnu11;
				GCC_NO_COMMON_BLOCKS = YES;
				GCC_WARN_64_TO_32_BIT_CONVERSION = YES;
				GCC_WARN_ABOUT_RETURN_TYPE = YES_ERROR;
				GCC_WARN_UNDECLARED_SELECTOR = YES;
				GCC_WARN_UNINITIALIZED_AUTOS = YES_AGGRESSIVE;
				GCC_WARN_UNUSED_FUNCTION = YES;
				GCC_WARN_UNUSED_VARIABLE = YES;
				IPHONEOS_DEPLOYMENT_TARGET = 14.4;
				MTL_ENABLE_DEBUG_INFO = NO;
				MTL_FAST_MATH = YES;
				SDKROOT = iphoneos;
				SWIFT_COMPILATION_MODE = wholemodule;
				SWIFT_OPTIMIZATION_LEVEL = "-O";
				VALIDATE_PRODUCT = YES;
			};
			name = Release;
		};
		8435A4BE261B54230078165D /* Debug */ = {
			isa = XCBuildConfiguration;
			buildSettings = {
				ASSETCATALOG_COMPILER_APPICON_NAME = AppIcon;
				ASSETCATALOG_COMPILER_GLOBAL_ACCENT_COLOR_NAME = AccentColor;
				CODE_SIGN_STYLE = Automatic;
				DEVELOPMENT_TEAM = 2PQ8675BM6;
				INFOPLIST_FILE = "$(SRCROOT)/TestTaskRCAI/Resource/Info.plist";
				LD_RUNPATH_SEARCH_PATHS = (
					"$(inherited)",
					"@executable_path/Frameworks",
				);
				PRODUCT_BUNDLE_IDENTIFIER = denis.TestTaskRCAI;
				PRODUCT_NAME = "$(TARGET_NAME)";
				SWIFT_VERSION = 5.0;
				TARGETED_DEVICE_FAMILY = "1,2";
			};
			name = Debug;
		};
		8435A4BF261B54230078165D /* Release */ = {
			isa = XCBuildConfiguration;
			buildSettings = {
				ASSETCATALOG_COMPILER_APPICON_NAME = AppIcon;
				ASSETCATALOG_COMPILER_GLOBAL_ACCENT_COLOR_NAME = AccentColor;
				CODE_SIGN_STYLE = Automatic;
				DEVELOPMENT_TEAM = 2PQ8675BM6;
				INFOPLIST_FILE = "$(SRCROOT)/TestTaskRCAI/Resource/Info.plist";
				LD_RUNPATH_SEARCH_PATHS = (
					"$(inherited)",
					"@executable_path/Frameworks",
				);
				PRODUCT_BUNDLE_IDENTIFIER = denis.TestTaskRCAI;
				PRODUCT_NAME = "$(TARGET_NAME)";
				SWIFT_VERSION = 5.0;
				TARGETED_DEVICE_FAMILY = "1,2";
			};
			name = Release;
		};
/* End XCBuildConfiguration section */

/* Begin XCConfigurationList section */
		8435A4A4261B54210078165D /* Build configuration list for PBXProject "TestTaskRCAI" */ = {
			isa = XCConfigurationList;
			buildConfigurations = (
				8435A4BB261B54230078165D /* Debug */,
				8435A4BC261B54230078165D /* Release */,
			);
			defaultConfigurationIsVisible = 0;
			defaultConfigurationName = Release;
		};
		8435A4BD261B54230078165D /* Build configuration list for PBXNativeTarget "TestTaskRCAI" */ = {
			isa = XCConfigurationList;
			buildConfigurations = (
				8435A4BE261B54230078165D /* Debug */,
				8435A4BF261B54230078165D /* Release */,
			);
			defaultConfigurationIsVisible = 0;
			defaultConfigurationName = Release;
		};
/* End XCConfigurationList section */
	};
	rootObject = 8435A4A1261B54210078165D /* Project object */;
}
